
Microsoft Visual Studio Solution File, Format Version 12.00
# Visual Studio Version 17
VisualStudioVersion = 17.0.31903.59
MinimumVisualStudioVersion = 10.0.40219.1
Project("{9A19103F-16F7-4668-BE54-9A1E7A4F7556}") = "Mab.StringLibrary.Test", "Mab.StringLibrary.Test\Mab.StringLibrary.Test.csproj", "{E822D3C1-D0FE-4F8E-8339-7587ED05735A}"
EndProject
Project("{9A19103F-16F7-4668-BE54-9A1E7A4F7556}") = "Mab.StringLibrary", "Mab.StringLibrary\Mab.StringLibrary.csproj", "{F3FDE13A-1A44-4F7D-BE38-2A9156D2BB2B}"
EndProject
Project("{2150E333-8FDC-42A3-9474-1A3956D46DE8}") = "Solution Items", "Solution Items", "{8627C5EA-70D9-4826-A974-EBEE24A9A3D1}"
	ProjectSection(SolutionItems) = preProject
		README.md = README.md
	EndProjectSection
EndProject
Project("{FAE04EC0-301F-11D3-BF4B-00C04F79EFBC}") = "Mab.StringLibrary.UnitTest", "Mab.StringLibrary.UnitTest\Mab.StringLibrary.UnitTest.csproj", "{519875E8-4CC1-4470-9504-19C9EC4FB1F7}"
EndProject
Global
	GlobalSection(SolutionConfigurationPlatforms) = preSolution
		Debug|Any CPU = Debug|Any CPU
		Release|Any CPU = Release|Any CPU
	EndGlobalSection
	GlobalSection(ProjectConfigurationPlatforms) = postSolution
		{E822D3C1-D0FE-4F8E-8339-7587ED05735A}.Debug|Any CPU.ActiveCfg = Debug|Any CPU
		{E822D3C1-D0FE-4F8E-8339-7587ED05735A}.Debug|Any CPU.Build.0 = Debug|Any CPU
		{E822D3C1-D0FE-4F8E-8339-7587ED05735A}.Release|Any CPU.ActiveCfg = Release|Any CPU
		{E822D3C1-D0FE-4F8E-8339-7587ED05735A}.Release|Any CPU.Build.0 = Release|Any CPU
		{F3FDE13A-1A44-4F7D-BE38-2A9156D2BB2B}.Debug|Any CPU.ActiveCfg = Debug|Any CPU
		{F3FDE13A-1A44-4F7D-BE38-2A9156D2BB2B}.Debug|Any CPU.Build.0 = Debug|Any CPU
		{F3FDE13A-1A44-4F7D-BE38-2A9156D2BB2B}.Release|Any CPU.ActiveCfg = Release|Any CPU
		{F3FDE13A-1A44-4F7D-BE38-2A9156D2BB2B}.Release|Any CPU.Build.0 = Release|Any CPU
		{519875E8-4CC1-4470-9504-19C9EC4FB1F7}.Debug|Any CPU.ActiveCfg = Debug|Any CPU
		{519875E8-4CC1-4470-9504-19C9EC4FB1F7}.Debug|Any CPU.Build.0 = Debug|Any CPU
		{519875E8-4CC1-4470-9504-19C9EC4FB1F7}.Release|Any CPU.ActiveCfg = Release|Any CPU
		{519875E8-4CC1-4470-9504-19C9EC4FB1F7}.Release|Any CPU.Build.0 = Release|Any CPU
	EndGlobalSection
	GlobalSection(SolutionProperties) = preSolution
		HideSolutionNode = FALSE
	EndGlobalSection
	GlobalSection(ExtensibilityGlobals) = postSolution
		SolutionGuid = {327243DD-469F-4E0E-8D60-0E21390DF842}
	EndGlobalSection
EndGlobal
